
Microsoft Visual Studio Solution File, Format Version 12.00
# Visual Studio Version 17
VisualStudioVersion = 17.2.32526.322
MinimumVisualStudioVersion = 10.0.40219.1
Project("{FAE04EC0-301F-11D3-BF4B-00C04F79EFBC}") = "DemoWebApi", "DemoWebApi.csproj", "{3603D527-55E8-4336-A4EC-089FF3678D7B}"
EndProject
Global
	GlobalSection(SolutionConfigurationPlatforms) = preSolution
		Debug|Any CPU = Debug|Any CPU
		Release|Any CPU = Release|Any CPU
	EndGlobalSection
	GlobalSection(ProjectConfigurationPlatforms) = postSolution
		{3603D527-55E8-4336-A4EC-089FF3678D7B}.Debug|Any CPU.ActiveCfg = Debug|Any CPU
		{3603D527-55E8-4336-A4EC-089FF3678D7B}.Debug|Any CPU.Build.0 = Debug|Any CPU
		{3603D527-55E8-4336-A4EC-089FF3678D7B}.Release|Any CPU.ActiveCfg = Release|Any CPU
		{3603D527-55E8-4336-A4EC-089FF3678D7B}.Release|Any CPU.Build.0 = Release|Any CPU
	EndGlobalSection
	GlobalSection(SolutionProperties) = preSolution
		HideSolutionNode = FALSE
	EndGlobalSection
	GlobalSection(ExtensibilityGlobals) = postSolution
		SolutionGuid = {D3CD1C34-FD79-4EB5-8907-74C727761305}
	EndGlobalSection
EndGlobal
